
Microsoft Visual Studio Solution File, Format Version 12.00
# Visual Studio Version 17
VisualStudioVersion = 17.4.33403.182
MinimumVisualStudioVersion = 10.0.40219.1
Project("{9A19103F-16F7-4668-BE54-9A1E7A4F7556}") = "httpExplorer", "httpExplorer\httpExplorer.csproj", "{F255F2EF-9C3A-4828-8D03-24F49E72093A}"
EndProject
Global
	GlobalSection(SolutionConfigurationPlatforms) = preSolution
		Debug|Any CPU = Debug|Any CPU
		Debug|Default = Debug|Default
		Release|Any CPU = Release|Any CPU
		Release|Default = Release|Default
	EndGlobalSection
	GlobalSection(ProjectConfigurationPlatforms) = postSolution
		{F255F2EF-9C3A-4828-8D03-24F49E72093A}.Debug|Any CPU.ActiveCfg = Debug|Any CPU
		{F255F2EF-9C3A-4828-8D03-24F49E72093A}.Debug|Any CPU.Build.0 = Debug|Any CPU
		{F255F2EF-9C3A-4828-8D03-24F49E72093A}.Debug|Default.ActiveCfg = Debug|Any CPU
		{F255F2EF-9C3A-4828-8D03-24F49E72093A}.Debug|Default.Build.0 = Debug|Any CPU
		{F255F2EF-9C3A-4828-8D03-24F49E72093A}.Release|Any CPU.ActiveCfg = Release|Any CPU
		{F255F2EF-9C3A-4828-8D03-24F49E72093A}.Release|Any CPU.Build.0 = Release|Any CPU
		{F255F2EF-9C3A-4828-8D03-24F49E72093A}.Release|Default.ActiveCfg = Release|Any CPU
		{F255F2EF-9C3A-4828-8D03-24F49E72093A}.Release|Default.Build.0 = Release|Any CPU
	EndGlobalSection
	GlobalSection(SolutionProperties) = preSolution
		HideSolutionNode = FALSE
	EndGlobalSection
	GlobalSection(ExtensibilityGlobals) = postSolution
		SolutionGuid = {D38D899F-97DF-482E-9ADE-595FF0282A71}
	EndGlobalSection
	GlobalSection(SolutionConfigurationPlatforms) = preSolution
		Debug|Any CPU = Debug|Any CPU
		Release|Any CPU = Release|Any CPU
	EndGlobalSection
EndGlobal
